
Microsoft Visual Studio Solution File, Format Version 12.00
# Visual Studio Version 16
VisualStudioVersion = 16.0.31702.278
MinimumVisualStudioVersion = 10.0.40219.1
Project("{9A19103F-16F7-4668-BE54-9A1E7A4F7556}") = "MissionsManager", "MissionsManager\MissionsManager.csproj", "{ACC4A398-4618-441E-996A-31AF541328CE}"
EndProject
Project("{FAE04EC0-301F-11D3-BF4B-00C04F79EFBC}") = "MissionsManagerTests", "MissionsManagerTests\MissionsManagerTests.csproj", "{EA520292-E10C-4AE3-8960-DC1F2529D48F}"
EndProject
Global
	GlobalSection(SolutionConfigurationPlatforms) = preSolution
		Debug|Any CPU = Debug|Any CPU
		Release|Any CPU = Release|Any CPU
	EndGlobalSection
	GlobalSection(ProjectConfigurationPlatforms) = postSolution
		{ACC4A398-4618-441E-996A-31AF541328CE}.Debug|Any CPU.ActiveCfg = Debug|Any CPU
		{ACC4A398-4618-441E-996A-31AF541328CE}.Debug|Any CPU.Build.0 = Debug|Any CPU
		{ACC4A398-4618-441E-996A-31AF541328CE}.Release|Any CPU.ActiveCfg = Release|Any CPU
		{ACC4A398-4618-441E-996A-31AF541328CE}.Release|Any CPU.Build.0 = Release|Any CPU
		{EA520292-E10C-4AE3-8960-DC1F2529D48F}.Debug|Any CPU.ActiveCfg = Debug|Any CPU
		{EA520292-E10C-4AE3-8960-DC1F2529D48F}.Debug|Any CPU.Build.0 = Debug|Any CPU
		{EA520292-E10C-4AE3-8960-DC1F2529D48F}.Release|Any CPU.ActiveCfg = Release|Any CPU
		{EA520292-E10C-4AE3-8960-DC1F2529D48F}.Release|Any CPU.Build.0 = Release|Any CPU
	EndGlobalSection
	GlobalSection(SolutionProperties) = preSolution
		HideSolutionNode = FALSE
	EndGlobalSection
	GlobalSection(ExtensibilityGlobals) = postSolution
		SolutionGuid = {F684FD2A-E1C5-4FF7-9D89-87070B05E831}
	EndGlobalSection
EndGlobal
